// !$*UTF8*$!
{
	archiveVersion = 1;
	classes = {
	};
	objectVersion = 56;
	objects = {

/* Begin PBXBuildFile section */
		C2198DD82BEDDA700074AE6F /* AppDelegate.swift in Sources */ = {isa = PBXBuildFile; fileRef = C2198DD72BEDDA700074AE6F /* AppDelegate.swift */; };
		C2198DDA2BEDDA700074AE6F /* SceneDelegate.swift in Sources */ = {isa = PBXBuildFile; fileRef = C2198DD92BEDDA700074AE6F /* SceneDelegate.swift */; };
		C2198DDC2BEDDA700074AE6F /* MainViewController.swift in Sources */ = {isa = PBXBuildFile; fileRef = C2198DDB2BEDDA700074AE6F /* MainViewController.swift */; };
		C2198DE12BEDDA710074AE6F /* Assets.xcassets in Resources */ = {isa = PBXBuildFile; fileRef = C2198DE02BEDDA710074AE6F /* Assets.xcassets */; };
		C2198DE42BEDDA710074AE6F /* LaunchScreen.storyboard in Resources */ = {isa = PBXBuildFile; fileRef = C2198DE22BEDDA710074AE6F /* LaunchScreen.storyboard */; };
		C258B4062BEDDF9300AE0B64 /* TabBarController.swift in Sources */ = {isa = PBXBuildFile; fileRef = C258B4052BEDDF9300AE0B64 /* TabBarController.swift */; };
		C258B40A2BEDE59400AE0B64 /* QRViewController.swift in Sources */ = {isa = PBXBuildFile; fileRef = C258B4092BEDE59400AE0B64 /* QRViewController.swift */; };
		C258B40D2BEDEB3B00AE0B64 /* AppColor.swift in Sources */ = {isa = PBXBuildFile; fileRef = C258B40C2BEDEB3B00AE0B64 /* AppColor.swift */; };
		C258B40F2BEDF64700AE0B64 /* AccountsViewController.swift in Sources */ = {isa = PBXBuildFile; fileRef = C258B40E2BEDF64700AE0B64 /* AccountsViewController.swift */; };
		C258B4112BEDF6DF00AE0B64 /* MenuViewController.swift in Sources */ = {isa = PBXBuildFile; fileRef = C258B4102BEDF6DF00AE0B64 /* MenuViewController.swift */; };
		C258B4142BEDF92F00AE0B64 /* SnapKit in Frameworks */ = {isa = PBXBuildFile; productRef = C258B4132BEDF92F00AE0B64 /* SnapKit */; };
		C258B4162BEDFAEC00AE0B64 /* AppImage.swift in Sources */ = {isa = PBXBuildFile; fileRef = C258B4152BEDFAEC00AE0B64 /* AppImage.swift */; };
		C258B42B2BF3B4A200AE0B64 /* MainListItem.swift in Sources */ = {isa = PBXBuildFile; fileRef = C258B42A2BF3B4A200AE0B64 /* MainListItem.swift */; };
		C258B42D2BF3B4FA00AE0B64 /* MainListSection.swift in Sources */ = {isa = PBXBuildFile; fileRef = C258B42C2BF3B4FA00AE0B64 /* MainListSection.swift */; };
		C258B42F2BF3B67200AE0B64 /* MainMockData.swift in Sources */ = {isa = PBXBuildFile; fileRef = C258B42E2BF3B67200AE0B64 /* MainMockData.swift */; };
		C258B4342BF3BD5800AE0B64 /* InfoCollectionViewCell.swift in Sources */ = {isa = PBXBuildFile; fileRef = C258B4332BF3BD5800AE0B64 /* InfoCollectionViewCell.swift */; };
		C258B4362BF3BECB00AE0B64 /* MainButtonCollectionViewCell.swift in Sources */ = {isa = PBXBuildFile; fileRef = C258B4352BF3BECB00AE0B64 /* MainButtonCollectionViewCell.swift */; };
		C258B4382BF3BED800AE0B64 /* PosterCollectionViewCell.swift in Sources */ = {isa = PBXBuildFile; fileRef = C258B4372BF3BED800AE0B64 /* PosterCollectionViewCell.swift */; };
		C258B43A2BF3BEEE00AE0B64 /* ExtraButtonCollectionViewCell.swift in Sources */ = {isa = PBXBuildFile; fileRef = C258B4392BF3BEEE00AE0B64 /* ExtraButtonCollectionViewCell.swift */; };
		C258B43C2BF4B5FA00AE0B64 /* BackgroundDecorationView.swift in Sources */ = {isa = PBXBuildFile; fileRef = C258B43B2BF4B5FA00AE0B64 /* BackgroundDecorationView.swift */; };
		C258B43F2BF4B9FE00AE0B64 /* PosterFooterReusableView.swift in Sources */ = {isa = PBXBuildFile; fileRef = C258B43E2BF4B9FE00AE0B64 /* PosterFooterReusableView.swift */; };
		C258B4462BF7526D00AE0B64 /* CardCollectionViewCell.swift in Sources */ = {isa = PBXBuildFile; fileRef = C258B4452BF7526D00AE0B64 /* CardCollectionViewCell.swift */; };
		C258B4482BF752FC00AE0B64 /* ButtonCollectionViewCell.swift in Sources */ = {isa = PBXBuildFile; fileRef = C258B4472BF752FC00AE0B64 /* ButtonCollectionViewCell.swift */; };
		C258B44A2BF7541E00AE0B64 /* AccountsMockData.swift in Sources */ = {isa = PBXBuildFile; fileRef = C258B4492BF7541E00AE0B64 /* AccountsMockData.swift */; };
		C258B44C2BF7542B00AE0B64 /* AccountsListItem.swift in Sources */ = {isa = PBXBuildFile; fileRef = C258B44B2BF7542B00AE0B64 /* AccountsListItem.swift */; };
		C258B44E2BF7543700AE0B64 /* AccountsListSection.swift in Sources */ = {isa = PBXBuildFile; fileRef = C258B44D2BF7543700AE0B64 /* AccountsListSection.swift */; };
		C2EA109E2BFB4A150090A357 /* RecCollectionViewCell.swift in Sources */ = {isa = PBXBuildFile; fileRef = C2EA109D2BFB4A150090A357 /* RecCollectionViewCell.swift */; };
		C2EA10A42BFB520B0090A357 /* BackgroundDecorationRecView.swift in Sources */ = {isa = PBXBuildFile; fileRef = C2EA10A32BFB520B0090A357 /* BackgroundDecorationRecView.swift */; };
		C2EA10A62BFC99960090A357 /* RecHeaderReusableViewCell.swift in Sources */ = {isa = PBXBuildFile; fileRef = C2EA10A52BFC99960090A357 /* RecHeaderReusableViewCell.swift */; };
/* End PBXBuildFile section */

/* Begin PBXFileReference section */
		C2198DD42BEDDA700074AE6F /* Homebank.app */ = {isa = PBXFileReference; explicitFileType = wrapper.application; includeInIndex = 0; path = Homebank.app; sourceTree = BUILT_PRODUCTS_DIR; };
		C2198DD72BEDDA700074AE6F /* AppDelegate.swift */ = {isa = PBXFileReference; lastKnownFileType = sourcecode.swift; path = AppDelegate.swift; sourceTree = "<group>"; };
		C2198DD92BEDDA700074AE6F /* SceneDelegate.swift */ = {isa = PBXFileReference; lastKnownFileType = sourcecode.swift; path = SceneDelegate.swift; sourceTree = "<group>"; };
		C2198DDB2BEDDA700074AE6F /* MainViewController.swift */ = {isa = PBXFileReference; lastKnownFileType = sourcecode.swift; path = MainViewController.swift; sourceTree = "<group>"; };
		C2198DE02BEDDA710074AE6F /* Assets.xcassets */ = {isa = PBXFileReference; lastKnownFileType = folder.assetcatalog; path = Assets.xcassets; sourceTree = "<group>"; };
		C2198DE32BEDDA710074AE6F /* Base */ = {isa = PBXFileReference; lastKnownFileType = file.storyboard; name = Base; path = Base.lproj/LaunchScreen.storyboard; sourceTree = "<group>"; };
		C2198DE52BEDDA710074AE6F /* Info.plist */ = {isa = PBXFileReference; lastKnownFileType = text.plist.xml; path = Info.plist; sourceTree = "<group>"; };
		C258B4052BEDDF9300AE0B64 /* TabBarController.swift */ = {isa = PBXFileReference; lastKnownFileType = sourcecode.swift; path = TabBarController.swift; sourceTree = "<group>"; };
		C258B4092BEDE59400AE0B64 /* QRViewController.swift */ = {isa = PBXFileReference; lastKnownFileType = sourcecode.swift; path = QRViewController.swift; sourceTree = "<group>"; };
		C258B40C2BEDEB3B00AE0B64 /* AppColor.swift */ = {isa = PBXFileReference; lastKnownFileType = sourcecode.swift; path = AppColor.swift; sourceTree = "<group>"; };
		C258B40E2BEDF64700AE0B64 /* AccountsViewController.swift */ = {isa = PBXFileReference; lastKnownFileType = sourcecode.swift; path = AccountsViewController.swift; sourceTree = "<group>"; };
		C258B4102BEDF6DF00AE0B64 /* MenuViewController.swift */ = {isa = PBXFileReference; lastKnownFileType = sourcecode.swift; path = MenuViewController.swift; sourceTree = "<group>"; };
		C258B4152BEDFAEC00AE0B64 /* AppImage.swift */ = {isa = PBXFileReference; lastKnownFileType = sourcecode.swift; path = AppImage.swift; sourceTree = "<group>"; };
		C258B42A2BF3B4A200AE0B64 /* MainListItem.swift */ = {isa = PBXFileReference; lastKnownFileType = sourcecode.swift; path = MainListItem.swift; sourceTree = "<group>"; };
		C258B42C2BF3B4FA00AE0B64 /* MainListSection.swift */ = {isa = PBXFileReference; lastKnownFileType = sourcecode.swift; path = MainListSection.swift; sourceTree = "<group>"; };
		C258B42E2BF3B67200AE0B64 /* MainMockData.swift */ = {isa = PBXFileReference; lastKnownFileType = sourcecode.swift; path = MainMockData.swift; sourceTree = "<group>"; };
		C258B4332BF3BD5800AE0B64 /* InfoCollectionViewCell.swift */ = {isa = PBXFileReference; lastKnownFileType = sourcecode.swift; path = InfoCollectionViewCell.swift; sourceTree = "<group>"; };
		C258B4352BF3BECB00AE0B64 /* MainButtonCollectionViewCell.swift */ = {isa = PBXFileReference; lastKnownFileType = sourcecode.swift; path = MainButtonCollectionViewCell.swift; sourceTree = "<group>"; };
		C258B4372BF3BED800AE0B64 /* PosterCollectionViewCell.swift */ = {isa = PBXFileReference; lastKnownFileType = sourcecode.swift; path = PosterCollectionViewCell.swift; sourceTree = "<group>"; };
		C258B4392BF3BEEE00AE0B64 /* ExtraButtonCollectionViewCell.swift */ = {isa = PBXFileReference; lastKnownFileType = sourcecode.swift; path = ExtraButtonCollectionViewCell.swift; sourceTree = "<group>"; };
		C258B43B2BF4B5FA00AE0B64 /* BackgroundDecorationView.swift */ = {isa = PBXFileReference; lastKnownFileType = sourcecode.swift; path = BackgroundDecorationView.swift; sourceTree = "<group>"; };
		C258B43E2BF4B9FE00AE0B64 /* PosterFooterReusableView.swift */ = {isa = PBXFileReference; lastKnownFileType = sourcecode.swift; path = PosterFooterReusableView.swift; sourceTree = "<group>"; };
		C258B4452BF7526D00AE0B64 /* CardCollectionViewCell.swift */ = {isa = PBXFileReference; lastKnownFileType = sourcecode.swift; path = CardCollectionViewCell.swift; sourceTree = "<group>"; };
		C258B4472BF752FC00AE0B64 /* ButtonCollectionViewCell.swift */ = {isa = PBXFileReference; lastKnownFileType = sourcecode.swift; path = ButtonCollectionViewCell.swift; sourceTree = "<group>"; };
		C258B4492BF7541E00AE0B64 /* AccountsMockData.swift */ = {isa = PBXFileReference; lastKnownFileType = sourcecode.swift; path = AccountsMockData.swift; sourceTree = "<group>"; };
		C258B44B2BF7542B00AE0B64 /* AccountsListItem.swift */ = {isa = PBXFileReference; lastKnownFileType = sourcecode.swift; path = AccountsListItem.swift; sourceTree = "<group>"; };
		C258B44D2BF7543700AE0B64 /* AccountsListSection.swift */ = {isa = PBXFileReference; lastKnownFileType = sourcecode.swift; path = AccountsListSection.swift; sourceTree = "<group>"; };
		C2EA109D2BFB4A150090A357 /* RecCollectionViewCell.swift */ = {isa = PBXFileReference; lastKnownFileType = sourcecode.swift; path = RecCollectionViewCell.swift; sourceTree = "<group>"; };
		C2EA10A32BFB520B0090A357 /* BackgroundDecorationRecView.swift */ = {isa = PBXFileReference; lastKnownFileType = sourcecode.swift; path = BackgroundDecorationRecView.swift; sourceTree = "<group>"; };
		C2EA10A52BFC99960090A357 /* RecHeaderReusableViewCell.swift */ = {isa = PBXFileReference; lastKnownFileType = sourcecode.swift; path = RecHeaderReusableViewCell.swift; sourceTree = "<group>"; };
/* End PBXFileReference section */

/* Begin PBXFrameworksBuildPhase section */
		C2198DD12BEDDA700074AE6F /* Frameworks */ = {
			isa = PBXFrameworksBuildPhase;
			buildActionMask = 2147483647;
			files = (
				C258B4142BEDF92F00AE0B64 /* SnapKit in Frameworks */,
			);
			runOnlyForDeploymentPostprocessing = 0;
		};
/* End PBXFrameworksBuildPhase section */

/* Begin PBXGroup section */
		C2198DCB2BEDDA700074AE6F = {
			isa = PBXGroup;
			children = (
				C2198DD62BEDDA700074AE6F /* Homebank */,
				C2198DD52BEDDA700074AE6F /* Products */,
			);
			sourceTree = "<group>";
		};
		C2198DD52BEDDA700074AE6F /* Products */ = {
			isa = PBXGroup;
			children = (
				C2198DD42BEDDA700074AE6F /* Homebank.app */,
			);
			name = Products;
			sourceTree = "<group>";
		};
		C2198DD62BEDDA700074AE6F /* Homebank */ = {
			isa = PBXGroup;
			children = (
				C258B4402BF7510200AE0B64 /* AccountsViewControllerCompositionalLayout */,
				C258B4292BF3B47900AE0B64 /* MainViewCompositionalLayout */,
				C258B4182BEDFC1F00AE0B64 /* App Resources */,
				C258B4172BEDFC0B00AE0B64 /* App */,
				C258B40B2BEDEB2600AE0B64 /* UI Resources */,
				C258B4282BF2390600AE0B64 /* Controllers */,
				C2198DE22BEDDA710074AE6F /* LaunchScreen.storyboard */,
				C2198DE52BEDDA710074AE6F /* Info.plist */,
			);
			path = Homebank;
			sourceTree = "<group>";
		};
		C258B4082BEDE03700AE0B64 /* Core */ = {
			isa = PBXGroup;
			children = (
				C258B4052BEDDF9300AE0B64 /* TabBarController.swift */,
				C2198DDB2BEDDA700074AE6F /* MainViewController.swift */,
				C258B4092BEDE59400AE0B64 /* QRViewController.swift */,
				C258B40E2BEDF64700AE0B64 /* AccountsViewController.swift */,
				C258B4102BEDF6DF00AE0B64 /* MenuViewController.swift */,
			);
			path = Core;
			sourceTree = "<group>";
		};
		C258B40B2BEDEB2600AE0B64 /* UI Resources */ = {
			isa = PBXGroup;
			children = (
				C258B40C2BEDEB3B00AE0B64 /* AppColor.swift */,
				C258B4152BEDFAEC00AE0B64 /* AppImage.swift */,
			);
			path = "UI Resources";
			sourceTree = "<group>";
		};
		C258B4172BEDFC0B00AE0B64 /* App */ = {
			isa = PBXGroup;
			children = (
				C2198DD72BEDDA700074AE6F /* AppDelegate.swift */,
				C2198DD92BEDDA700074AE6F /* SceneDelegate.swift */,
			);
			path = App;
			sourceTree = "<group>";
		};
		C258B4182BEDFC1F00AE0B64 /* App Resources */ = {
			isa = PBXGroup;
			children = (
				C2198DE02BEDDA710074AE6F /* Assets.xcassets */,
			);
			path = "App Resources";
			sourceTree = "<group>";
		};
		C258B4282BF2390600AE0B64 /* Controllers */ = {
			isa = PBXGroup;
			children = (
				C258B4082BEDE03700AE0B64 /* Core */,
			);
			path = Controllers;
			sourceTree = "<group>";
		};
		C258B4292BF3B47900AE0B64 /* MainViewCompositionalLayout */ = {
			isa = PBXGroup;
			children = (
				C258B43D2BF4B9DC00AE0B64 /* Views */,
				C258B4322BF3BD4C00AE0B64 /* Cells */,
				C258B42A2BF3B4A200AE0B64 /* MainListItem.swift */,
				C258B42C2BF3B4FA00AE0B64 /* MainListSection.swift */,
				C258B42E2BF3B67200AE0B64 /* MainMockData.swift */,
			);
			path = MainViewCompositionalLayout;
			sourceTree = "<group>";
		};
		C258B4322BF3BD4C00AE0B64 /* Cells */ = {
			isa = PBXGroup;
			children = (
				C258B4332BF3BD5800AE0B64 /* InfoCollectionViewCell.swift */,
				C258B4352BF3BECB00AE0B64 /* MainButtonCollectionViewCell.swift */,
				C258B4372BF3BED800AE0B64 /* PosterCollectionViewCell.swift */,
				C258B4392BF3BEEE00AE0B64 /* ExtraButtonCollectionViewCell.swift */,
				C2EA109D2BFB4A150090A357 /* RecCollectionViewCell.swift */,
			);
			path = Cells;
			sourceTree = "<group>";
		};
		C258B43D2BF4B9DC00AE0B64 /* Views */ = {
			isa = PBXGroup;
			children = (
				C258B43B2BF4B5FA00AE0B64 /* BackgroundDecorationView.swift */,
				C258B43E2BF4B9FE00AE0B64 /* PosterFooterReusableView.swift */,
				C2EA10A32BFB520B0090A357 /* BackgroundDecorationRecView.swift */,
				C2EA10A52BFC99960090A357 /* RecHeaderReusableViewCell.swift */,
			);
			path = Views;
			sourceTree = "<group>";
		};
		C258B4402BF7510200AE0B64 /* AccountsViewControllerCompositionalLayout */ = {
			isa = PBXGroup;
			children = (
				C258B4412BF751BF00AE0B64 /* Views */,
				C258B4422BF751C400AE0B64 /* Cells */,
				C258B44B2BF7542B00AE0B64 /* AccountsListItem.swift */,
				C258B44D2BF7543700AE0B64 /* AccountsListSection.swift */,
				C258B4492BF7541E00AE0B64 /* AccountsMockData.swift */,
			);
			path = AccountsViewControllerCompositionalLayout;
			sourceTree = "<group>";
		};
		C258B4412BF751BF00AE0B64 /* Views */ = {
			isa = PBXGroup;
			children = (
			);
			path = Views;
			sourceTree = "<group>";
		};
		C258B4422BF751C400AE0B64 /* Cells */ = {
			isa = PBXGroup;
			children = (
				C258B4452BF7526D00AE0B64 /* CardCollectionViewCell.swift */,
				C258B4472BF752FC00AE0B64 /* ButtonCollectionViewCell.swift */,
			);
			path = Cells;
			sourceTree = "<group>";
		};
/* End PBXGroup section */

/* Begin PBXNativeTarget section */
		C2198DD32BEDDA700074AE6F /* Homebank */ = {
			isa = PBXNativeTarget;
			buildConfigurationList = C2198DE82BEDDA710074AE6F /* Build configuration list for PBXNativeTarget "Homebank" */;
			buildPhases = (
				C2198DD02BEDDA700074AE6F /* Sources */,
				C2198DD12BEDDA700074AE6F /* Frameworks */,
				C2198DD22BEDDA700074AE6F /* Resources */,
			);
			buildRules = (
			);
			dependencies = (
			);
			name = Homebank;
			packageProductDependencies = (
				C258B4132BEDF92F00AE0B64 /* SnapKit */,
			);
			productName = Homebank;
			productReference = C2198DD42BEDDA700074AE6F /* Homebank.app */;
			productType = "com.apple.product-type.application";
		};
/* End PBXNativeTarget section */

/* Begin PBXProject section */
		C2198DCC2BEDDA700074AE6F /* Project object */ = {
			isa = PBXProject;
			attributes = {
				BuildIndependentTargetsInParallel = 1;
				LastSwiftUpdateCheck = 1420;
				LastUpgradeCheck = 1420;
				TargetAttributes = {
					C2198DD32BEDDA700074AE6F = {
						CreatedOnToolsVersion = 14.2;
					};
				};
			};
			buildConfigurationList = C2198DCF2BEDDA700074AE6F /* Build configuration list for PBXProject "Homebank" */;
			compatibilityVersion = "Xcode 14.0";
			developmentRegion = en;
			hasScannedForEncodings = 0;
			knownRegions = (
				en,
				Base,
			);
			mainGroup = C2198DCB2BEDDA700074AE6F;
			packageReferences = (
				C258B4122BEDF92F00AE0B64 /* XCRemoteSwiftPackageReference "SnapKit" */,
			);
			productRefGroup = C2198DD52BEDDA700074AE6F /* Products */;
			projectDirPath = "";
			projectRoot = "";
			targets = (
				C2198DD32BEDDA700074AE6F /* Homebank */,
			);
		};
/* End PBXProject section */

/* Begin PBXResourcesBuildPhase section */
		C2198DD22BEDDA700074AE6F /* Resources */ = {
			isa = PBXResourcesBuildPhase;
			buildActionMask = 2147483647;
			files = (
				C2198DE42BEDDA710074AE6F /* LaunchScreen.storyboard in Resources */,
				C2198DE12BEDDA710074AE6F /* Assets.xcassets in Resources */,
			);
			runOnlyForDeploymentPostprocessing = 0;
		};
/* End PBXResourcesBuildPhase section */

/* Begin PBXSourcesBuildPhase section */
		C2198DD02BEDDA700074AE6F /* Sources */ = {
			isa = PBXSourcesBuildPhase;
			buildActionMask = 2147483647;
			files = (
				C258B42B2BF3B4A200AE0B64 /* MainListItem.swift in Sources */,
				C258B42F2BF3B67200AE0B64 /* MainMockData.swift in Sources */,
				C2198DDC2BEDDA700074AE6F /* MainViewController.swift in Sources */,
				C2EA10A42BFB520B0090A357 /* BackgroundDecorationRecView.swift in Sources */,
				C258B40A2BEDE59400AE0B64 /* QRViewController.swift in Sources */,
				C258B4482BF752FC00AE0B64 /* ButtonCollectionViewCell.swift in Sources */,
				C258B44E2BF7543700AE0B64 /* AccountsListSection.swift in Sources */,
				C258B4062BEDDF9300AE0B64 /* TabBarController.swift in Sources */,
				C2198DD82BEDDA700074AE6F /* AppDelegate.swift in Sources */,
				C258B4462BF7526D00AE0B64 /* CardCollectionViewCell.swift in Sources */,
				C2198DDA2BEDDA700074AE6F /* SceneDelegate.swift in Sources */,
				C258B40F2BEDF64700AE0B64 /* AccountsViewController.swift in Sources */,
				C258B40D2BEDEB3B00AE0B64 /* AppColor.swift in Sources */,
				C258B43C2BF4B5FA00AE0B64 /* BackgroundDecorationView.swift in Sources */,
				C258B4382BF3BED800AE0B64 /* PosterCollectionViewCell.swift in Sources */,
				C2EA10A62BFC99960090A357 /* RecHeaderReusableViewCell.swift in Sources */,
				C258B44A2BF7541E00AE0B64 /* AccountsMockData.swift in Sources */,
				C258B43F2BF4B9FE00AE0B64 /* PosterFooterReusableView.swift in Sources */,
				C258B4112BEDF6DF00AE0B64 /* MenuViewController.swift in Sources */,
				C258B44C2BF7542B00AE0B64 /* AccountsListItem.swift in Sources */,
				C258B42D2BF3B4FA00AE0B64 /* MainListSection.swift in Sources */,
				C258B4162BEDFAEC00AE0B64 /* AppImage.swift in Sources */,
				C258B43A2BF3BEEE00AE0B64 /* ExtraButtonCollectionViewCell.swift in Sources */,
				C258B4362BF3BECB00AE0B64 /* MainButtonCollectionViewCell.swift in Sources */,
				C258B4342BF3BD5800AE0B64 /* InfoCollectionViewCell.swift in Sources */,
				C2EA109E2BFB4A150090A357 /* RecCollectionViewCell.swift in Sources */,
			);
			runOnlyForDeploymentPostprocessing = 0;
		};
/* End PBXSourcesBuildPhase section */

/* Begin PBXVariantGroup section */
		C2198DE22BEDDA710074AE6F /* LaunchScreen.storyboard */ = {
			isa = PBXVariantGroup;
			children = (
				C2198DE32BEDDA710074AE6F /* Base */,
			);
			name = LaunchScreen.storyboard;
			sourceTree = "<group>";
		};
/* End PBXVariantGroup section */

/* Begin XCBuildConfiguration section */
		C2198DE62BEDDA710074AE6F /* Debug */ = {
			isa = XCBuildConfiguration;
			buildSettings = {
				ALWAYS_SEARCH_USER_PATHS = NO;
				CLANG_ANALYZER_NONNULL = YES;
				CLANG_ANALYZER_NUMBER_OBJECT_CONVERSION = YES_AGGRESSIVE;
				CLANG_CXX_LANGUAGE_STANDARD = "gnu++20";
				CLANG_ENABLE_MODULES = YES;
				CLANG_ENABLE_OBJC_ARC = YES;
				CLANG_ENABLE_OBJC_WEAK = YES;
				CLANG_WARN_BLOCK_CAPTURE_AUTORELEASING = YES;
				CLANG_WARN_BOOL_CONVERSION = YES;
				CLANG_WARN_COMMA = YES;
				CLANG_WARN_CONSTANT_CONVERSION = YES;
				CLANG_WARN_DEPRECATED_OBJC_IMPLEMENTATIONS = YES;
				CLANG_WARN_DIRECT_OBJC_ISA_USAGE = YES_ERROR;
				CLANG_WARN_DOCUMENTATION_COMMENTS = YES;
				CLANG_WARN_EMPTY_BODY = YES;
				CLANG_WARN_ENUM_CONVERSION = YES;
				CLANG_WARN_INFINITE_RECURSION = YES;
				CLANG_WARN_INT_CONVERSION = YES;
				CLANG_WARN_NON_LITERAL_NULL_CONVERSION = YES;
				CLANG_WARN_OBJC_IMPLICIT_RETAIN_SELF = YES;
				CLANG_WARN_OBJC_LITERAL_CONVERSION = YES;
				CLANG_WARN_OBJC_ROOT_CLASS = YES_ERROR;
				CLANG_WARN_QUOTED_INCLUDE_IN_FRAMEWORK_HEADER = YES;
				CLANG_WARN_RANGE_LOOP_ANALYSIS = YES;
				CLANG_WARN_STRICT_PROTOTYPES = YES;
				CLANG_WARN_SUSPICIOUS_MOVE = YES;
				CLANG_WARN_UNGUARDED_AVAILABILITY = YES_AGGRESSIVE;
				CLANG_WARN_UNREACHABLE_CODE = YES;
				CLANG_WARN__DUPLICATE_METHOD_MATCH = YES;
				COPY_PHASE_STRIP = NO;
				DEBUG_INFORMATION_FORMAT = dwarf;
				ENABLE_STRICT_OBJC_MSGSEND = YES;
				ENABLE_TESTABILITY = YES;
				GCC_C_LANGUAGE_STANDARD = gnu11;
				GCC_DYNAMIC_NO_PIC = NO;
				GCC_NO_COMMON_BLOCKS = YES;
				GCC_OPTIMIZATION_LEVEL = 0;
				GCC_PREPROCESSOR_DEFINITIONS = (
					"DEBUG=1",
					"$(inherited)",
				);
				GCC_WARN_64_TO_32_BIT_CONVERSION = YES;
				GCC_WARN_ABOUT_RETURN_TYPE = YES_ERROR;
				GCC_WARN_UNDECLARED_SELECTOR = YES;
				GCC_WARN_UNINITIALIZED_AUTOS = YES_AGGRESSIVE;
				GCC_WARN_UNUSED_FUNCTION = YES;
				GCC_WARN_UNUSED_VARIABLE = YES;
				IPHONEOS_DEPLOYMENT_TARGET = 16.2;
				MTL_ENABLE_DEBUG_INFO = INCLUDE_SOURCE;
				MTL_FAST_MATH = YES;
				ONLY_ACTIVE_ARCH = YES;
				SDKROOT = iphoneos;
				SWIFT_ACTIVE_COMPILATION_CONDITIONS = DEBUG;
				SWIFT_OPTIMIZATION_LEVEL = "-Onone";
			};
			name = Debug;
		};
		C2198DE72BEDDA710074AE6F /* Release */ = {
			isa = XCBuildConfiguration;
			buildSettings = {
				ALWAYS_SEARCH_USER_PATHS = NO;
				CLANG_ANALYZER_NONNULL = YES;
				CLANG_ANALYZER_NUMBER_OBJECT_CONVERSION = YES_AGGRESSIVE;
				CLANG_CXX_LANGUAGE_STANDARD = "gnu++20";
				CLANG_ENABLE_MODULES = YES;
				CLANG_ENABLE_OBJC_ARC = YES;
				CLANG_ENABLE_OBJC_WEAK = YES;
				CLANG_WARN_BLOCK_CAPTURE_AUTORELEASING = YES;
				CLANG_WARN_BOOL_CONVERSION = YES;
				CLANG_WARN_COMMA = YES;
				CLANG_WARN_CONSTANT_CONVERSION = YES;
				CLANG_WARN_DEPRECATED_OBJC_IMPLEMENTATIONS = YES;
				CLANG_WARN_DIRECT_OBJC_ISA_USAGE = YES_ERROR;
				CLANG_WARN_DOCUMENTATION_COMMENTS = YES;
				CLANG_WARN_EMPTY_BODY = YES;
				CLANG_WARN_ENUM_CONVERSION = YES;
				CLANG_WARN_INFINITE_RECURSION = YES;
				CLANG_WARN_INT_CONVERSION = YES;
				CLANG_WARN_NON_LITERAL_NULL_CONVERSION = YES;
				CLANG_WARN_OBJC_IMPLICIT_RETAIN_SELF = YES;
				CLANG_WARN_OBJC_LITERAL_CONVERSION = YES;
				CLANG_WARN_OBJC_ROOT_CLASS = YES_ERROR;
				CLANG_WARN_QUOTED_INCLUDE_IN_FRAMEWORK_HEADER = YES;
				CLANG_WARN_RANGE_LOOP_ANALYSIS = YES;
				CLANG_WARN_STRICT_PROTOTYPES = YES;
				CLANG_WARN_SUSPICIOUS_MOVE = YES;
				CLANG_WARN_UNGUARDED_AVAILABILITY = YES_AGGRESSIVE;
				CLANG_WARN_UNREACHABLE_CODE = YES;
				CLANG_WARN__DUPLICATE_METHOD_MATCH = YES;
				COPY_PHASE_STRIP = NO;
				DEBUG_INFORMATION_FORMAT = "dwarf-with-dsym";
				ENABLE_NS_ASSERTIONS = NO;
				ENABLE_STRICT_OBJC_MSGSEND = YES;
				GCC_C_LANGUAGE_STANDARD = gnu11;
				GCC_NO_COMMON_BLOCKS = YES;
				GCC_WARN_64_TO_32_BIT_CONVERSION = YES;
				GCC_WARN_ABOUT_RETURN_TYPE = YES_ERROR;
				GCC_WARN_UNDECLARED_SELECTOR = YES;
				GCC_WARN_UNINITIALIZED_AUTOS = YES_AGGRESSIVE;
				GCC_WARN_UNUSED_FUNCTION = YES;
				GCC_WARN_UNUSED_VARIABLE = YES;
				IPHONEOS_DEPLOYMENT_TARGET = 16.2;
				MTL_ENABLE_DEBUG_INFO = NO;
				MTL_FAST_MATH = YES;
				SDKROOT = iphoneos;
				SWIFT_COMPILATION_MODE = wholemodule;
				SWIFT_OPTIMIZATION_LEVEL = "-O";
				VALIDATE_PRODUCT = YES;
			};
			name = Release;
		};
		C2198DE92BEDDA710074AE6F /* Debug */ = {
			isa = XCBuildConfiguration;
			buildSettings = {
				ASSETCATALOG_COMPILER_APPICON_NAME = AppIcon;
				ASSETCATALOG_COMPILER_GLOBAL_ACCENT_COLOR_NAME = AccentColor;
				CODE_SIGN_STYLE = Automatic;
				CURRENT_PROJECT_VERSION = 1;
				DEVELOPMENT_TEAM = CXGC55X5LB;
				GENERATE_INFOPLIST_FILE = YES;
				INFOPLIST_FILE = Homebank/Info.plist;
				INFOPLIST_KEY_UIApplicationSupportsIndirectInputEvents = YES;
				INFOPLIST_KEY_UILaunchStoryboardName = LaunchScreen;
				INFOPLIST_KEY_UISupportedInterfaceOrientations_iPad = "UIInterfaceOrientationPortrait UIInterfaceOrientationPortraitUpsideDown UIInterfaceOrientationLandscapeLeft UIInterfaceOrientationLandscapeRight";
				INFOPLIST_KEY_UISupportedInterfaceOrientations_iPhone = "UIInterfaceOrientationPortrait UIInterfaceOrientationLandscapeLeft UIInterfaceOrientationLandscapeRight";
				LD_RUNPATH_SEARCH_PATHS = (
					"$(inherited)",
					"@executable_path/Frameworks",
				);
				MARKETING_VERSION = 1.0;
				PRODUCT_BUNDLE_IDENTIFIER = com.nurgazyshyrynkhan.Homebank;
				PRODUCT_NAME = "$(TARGET_NAME)";
				SWIFT_EMIT_LOC_STRINGS = YES;
				SWIFT_VERSION = 5.0;
				TARGETED_DEVICE_FAMILY = "1,2";
			};
			name = Debug;
		};
		C2198DEA2BEDDA710074AE6F /* Release */ = {
			isa = XCBuildConfiguration;
			buildSettings = {
				ASSETCATALOG_COMPILER_APPICON_NAME = AppIcon;
				ASSETCATALOG_COMPILER_GLOBAL_ACCENT_COLOR_NAME = AccentColor;
				CODE_SIGN_STYLE = Automatic;
				CURRENT_PROJECT_VERSION = 1;
				DEVELOPMENT_TEAM = CXGC55X5LB;
				GENERATE_INFOPLIST_FILE = YES;
				INFOPLIST_FILE = Homebank/Info.plist;
				INFOPLIST_KEY_UIApplicationSupportsIndirectInputEvents = YES;
				INFOPLIST_KEY_UILaunchStoryboardName = LaunchScreen;
				INFOPLIST_KEY_UISupportedInterfaceOrientations_iPad = "UIInterfaceOrientationPortrait UIInterfaceOrientationPortraitUpsideDown UIInterfaceOrientationLandscapeLeft UIInterfaceOrientationLandscapeRight";
				INFOPLIST_KEY_UISupportedInterfaceOrientations_iPhone = "UIInterfaceOrientationPortrait UIInterfaceOrientationLandscapeLeft UIInterfaceOrientationLandscapeRight";
				LD_RUNPATH_SEARCH_PATHS = (
					"$(inherited)",
					"@executable_path/Frameworks",
				);
				MARKETING_VERSION = 1.0;
				PRODUCT_BUNDLE_IDENTIFIER = com.nurgazyshyrynkhan.Homebank;
				PRODUCT_NAME = "$(TARGET_NAME)";
				SWIFT_EMIT_LOC_STRINGS = YES;
				SWIFT_VERSION = 5.0;
				TARGETED_DEVICE_FAMILY = "1,2";
			};
			name = Release;
		};
/* End XCBuildConfiguration section */

/* Begin XCConfigurationList section */
		C2198DCF2BEDDA700074AE6F /* Build configuration list for PBXProject "Homebank" */ = {
			isa = XCConfigurationList;
			buildConfigurations = (
				C2198DE62BEDDA710074AE6F /* Debug */,
				C2198DE72BEDDA710074AE6F /* Release */,
			);
			defaultConfigurationIsVisible = 0;
			defaultConfigurationName = Release;
		};
		C2198DE82BEDDA710074AE6F /* Build configuration list for PBXNativeTarget "Homebank" */ = {
			isa = XCConfigurationList;
			buildConfigurations = (
				C2198DE92BEDDA710074AE6F /* Debug */,
				C2198DEA2BEDDA710074AE6F /* Release */,
			);
			defaultConfigurationIsVisible = 0;
			defaultConfigurationName = Release;
		};
/* End XCConfigurationList section */

/* Begin XCRemoteSwiftPackageReference section */
		C258B4122BEDF92F00AE0B64 /* XCRemoteSwiftPackageReference "SnapKit" */ = {
			isa = XCRemoteSwiftPackageReference;
			repositoryURL = "https://github.com/SnapKit/SnapKit";
			requirement = {
				kind = upToNextMajorVersion;
				minimumVersion = 5.0.0;
			};
		};
/* End XCRemoteSwiftPackageReference section */

/* Begin XCSwiftPackageProductDependency section */
		C258B4132BEDF92F00AE0B64 /* SnapKit */ = {
			isa = XCSwiftPackageProductDependency;
			package = C258B4122BEDF92F00AE0B64 /* XCRemoteSwiftPackageReference "SnapKit" */;
			productName = SnapKit;
		};
/* End XCSwiftPackageProductDependency section */
	};
	rootObject = C2198DCC2BEDDA700074AE6F /* Project object */;
}
